
Microsoft Visual Studio Solution File, Format Version 12.00
# Visual Studio Version 17
VisualStudioVersion = 17.11.35327.3
MinimumVisualStudioVersion = 10.0.40219.1
Project("{FAE04EC0-301F-11D3-BF4B-00C04F79EFBC}") = "NelderMeadUI", "NelderMeadUI\NelderMeadUI.csproj", "{748BAED2-A681-47C7-B0E4-0335CC48C92A}"
EndProject
Project("{FAE04EC0-301F-11D3-BF4B-00C04F79EFBC}") = "TestsForMethod", "TestsForMethod\TestsForMethod.csproj", "{45FC74CC-5C1E-4697-96BC-B0DB233805AC}"
EndProject
Global
	GlobalSection(SolutionConfigurationPlatforms) = preSolution
		Debug|Any CPU = Debug|Any CPU
		Debug|x64 = Debug|x64
		Debug|x86 = Debug|x86
		Release|Any CPU = Release|Any CPU
		Release|x64 = Release|x64
		Release|x86 = Release|x86
	EndGlobalSection
	GlobalSection(ProjectConfigurationPlatforms) = postSolution
		{748BAED2-A681-47C7-B0E4-0335CC48C92A}.Debug|Any CPU.ActiveCfg = Debug|Any CPU
		{748BAED2-A681-47C7-B0E4-0335CC48C92A}.Debug|Any CPU.Build.0 = Debug|Any CPU
		{748BAED2-A681-47C7-B0E4-0335CC48C92A}.Debug|x64.ActiveCfg = Debug|Any CPU
		{748BAED2-A681-47C7-B0E4-0335CC48C92A}.Debug|x64.Build.0 = Debug|Any CPU
		{748BAED2-A681-47C7-B0E4-0335CC48C92A}.Debug|x86.ActiveCfg = Debug|Any CPU
		{748BAED2-A681-47C7-B0E4-0335CC48C92A}.Debug|x86.Build.0 = Debug|Any CPU
		{748BAED2-A681-47C7-B0E4-0335CC48C92A}.Release|Any CPU.ActiveCfg = Release|Any CPU
		{748BAED2-A681-47C7-B0E4-0335CC48C92A}.Release|Any CPU.Build.0 = Release|Any CPU
		{748BAED2-A681-47C7-B0E4-0335CC48C92A}.Release|x64.ActiveCfg = Release|Any CPU
		{748BAED2-A681-47C7-B0E4-0335CC48C92A}.Release|x64.Build.0 = Release|Any CPU
		{748BAED2-A681-47C7-B0E4-0335CC48C92A}.Release|x86.ActiveCfg = Release|Any CPU
		{748BAED2-A681-47C7-B0E4-0335CC48C92A}.Release|x86.Build.0 = Release|Any CPU
		{45FC74CC-5C1E-4697-96BC-B0DB233805AC}.Debug|Any CPU.ActiveCfg = Debug|Any CPU
		{45FC74CC-5C1E-4697-96BC-B0DB233805AC}.Debug|Any CPU.Build.0 = Debug|Any CPU
		{45FC74CC-5C1E-4697-96BC-B0DB233805AC}.Debug|x64.ActiveCfg = Debug|Any CPU
		{45FC74CC-5C1E-4697-96BC-B0DB233805AC}.Debug|x64.Build.0 = Debug|Any CPU
		{45FC74CC-5C1E-4697-96BC-B0DB233805AC}.Debug|x86.ActiveCfg = Debug|Any CPU
		{45FC74CC-5C1E-4697-96BC-B0DB233805AC}.Debug|x86.Build.0 = Debug|Any CPU
		{45FC74CC-5C1E-4697-96BC-B0DB233805AC}.Release|Any CPU.ActiveCfg = Release|Any CPU
		{45FC74CC-5C1E-4697-96BC-B0DB233805AC}.Release|Any CPU.Build.0 = Release|Any CPU
		{45FC74CC-5C1E-4697-96BC-B0DB233805AC}.Release|x64.ActiveCfg = Release|Any CPU
		{45FC74CC-5C1E-4697-96BC-B0DB233805AC}.Release|x64.Build.0 = Release|Any CPU
		{45FC74CC-5C1E-4697-96BC-B0DB233805AC}.Release|x86.ActiveCfg = Release|Any CPU
		{45FC74CC-5C1E-4697-96BC-B0DB233805AC}.Release|x86.Build.0 = Release|Any CPU
	EndGlobalSection
	GlobalSection(SolutionProperties) = preSolution
		HideSolutionNode = FALSE
	EndGlobalSection
	GlobalSection(ExtensibilityGlobals) = postSolution
		SolutionGuid = {45B58030-F85F-416C-97B3-61DFC578E750}
	EndGlobalSection
EndGlobal
